# This file is generated by running "yarn install" inside your project.
# Manual changes might be lost - proceed with caution!

__metadata:
  version: 4
  cacheKey: 7

"prettier-plugin-svelte@npm:^2.2.0":
  version: 2.2.0
  resolution: "prettier-plugin-svelte@npm:2.2.0"
  peerDependencies:
    prettier: ^1.16.4 || ^2.0.0
    svelte: ^3.2.0
  checksum: 80835696c33995c0fac921f4d1f0481aa712bbaafa52ae1f663b2582d11be2937f0597bd6e9d14b23e4093bc2ff17b6b42ee0ffa9c0d8200bf982a708a2f362d
  languageName: node
  linkType: hard

"prettier@npm:^2.2.1":
  version: 2.2.1
  resolution: "prettier@npm:2.2.1"
  bin:
    prettier: bin-prettier.js
  checksum: 92c6c9f4b87eba1f28466edee57dd18c80d00b858edda77d46d1950d20e6e302b68ee255fc91133ba931e63c4577b5ae30da194d9626a8f3c0177778b91bf056
  languageName: node
  linkType: hard

"svelte-template@workspace:.":
  version: 0.0.0-use.local
  resolution: "svelte-template@workspace:."
  dependencies:
    prettier: ^2.2.1
    prettier-plugin-svelte: ^2.2.0
  languageName: unknown
  linkType: soft
